// !$*UTF8*$!
{
	archiveVersion = 1;
	classes = {
	};
	objectVersion = 46;
	objects = {

/* Begin PBXBuildFile section */
		DAD8D26B19FB4B3B00479CB5 /* AppDelegate.swift in Sources */ = {isa = PBXBuildFile; fileRef = DAD8D26A19FB4B3B00479CB5 /* AppDelegate.swift */; };
		DAD8D26D19FB4B3B00479CB5 /* ViewController.swift in Sources */ = {isa = PBXBuildFile; fileRef = DAD8D26C19FB4B3B00479CB5 /* ViewController.swift */; };
		DAD8D27019FB4B3B00479CB5 /* Main.storyboard in Resources */ = {isa = PBXBuildFile; fileRef = DAD8D26E19FB4B3B00479CB5 /* Main.storyboard */; };
		DAD8D27219FB4B3B00479CB5 /* Images.xcassets in Resources */ = {isa = PBXBuildFile; fileRef = DAD8D27119FB4B3B00479CB5 /* Images.xcassets */; };
		DAD8D27519FB4B3B00479CB5 /* LaunchScreen.xib in Resources */ = {isa = PBXBuildFile; fileRef = DAD8D27319FB4B3B00479CB5 /* LaunchScreen.xib */; };
		DAD8D28119FB4B3B00479CB5 /* SwiftCloudKitTests.swift in Sources */ = {isa = PBXBuildFile; fileRef = DAD8D28019FB4B3B00479CB5 /* SwiftCloudKitTests.swift */; };
		DAD8D28C19FB4B5200479CB5 /* CloudKit.framework in Frameworks */ = {isa = PBXBuildFile; fileRef = DAD8D28B19FB4B5200479CB5 /* CloudKit.framework */; };
/* End PBXBuildFile section */

/* Begin PBXContainerItemProxy section */
		DAD8D27B19FB4B3B00479CB5 /* PBXContainerItemProxy */ = {
			isa = PBXContainerItemProxy;
			containerPortal = DAD8D25D19FB4B3B00479CB5 /* Project object */;
			proxyType = 1;
			remoteGlobalIDString = DAD8D26419FB4B3B00479CB5;
			remoteInfo = SwiftCloudKit;
		};
/* End PBXContainerItemProxy section */

/* Begin PBXFileReference section */
		DAD8D26519FB4B3B00479CB5 /* SwiftCloudKit.app */ = {isa = PBXFileReference; explicitFileType = wrapper.application; includeInIndex = 0; path = SwiftCloudKit.app; sourceTree = BUILT_PRODUCTS_DIR; };
		DAD8D26919FB4B3B00479CB5 /* Info.plist */ = {isa = PBXFileReference; lastKnownFileType = text.plist.xml; path = Info.plist; sourceTree = "<group>"; };
		DAD8D26A19FB4B3B00479CB5 /* AppDelegate.swift */ = {isa = PBXFileReference; lastKnownFileType = sourcecode.swift; path = AppDelegate.swift; sourceTree = "<group>"; };
		DAD8D26C19FB4B3B00479CB5 /* ViewController.swift */ = {isa = PBXFileReference; lastKnownFileType = sourcecode.swift; path = ViewController.swift; sourceTree = "<group>"; };
		DAD8D26F19FB4B3B00479CB5 /* Base */ = {isa = PBXFileReference; lastKnownFileType = file.storyboard; name = Base; path = Base.lproj/Main.storyboard; sourceTree = "<group>"; };
		DAD8D27119FB4B3B00479CB5 /* Images.xcassets */ = {isa = PBXFileReference; lastKnownFileType = folder.assetcatalog; path = Images.xcassets; sourceTree = "<group>"; };
		DAD8D27419FB4B3B00479CB5 /* Base */ = {isa = PBXFileReference; lastKnownFileType = file.xib; name = Base; path = Base.lproj/LaunchScreen.xib; sourceTree = "<group>"; };
		DAD8D27A19FB4B3B00479CB5 /* SwiftCloudKitTests.xctest */ = {isa = PBXFileReference; explicitFileType = wrapper.cfbundle; includeInIndex = 0; path = SwiftCloudKitTests.xctest; sourceTree = BUILT_PRODUCTS_DIR; };
		DAD8D27F19FB4B3B00479CB5 /* Info.plist */ = {isa = PBXFileReference; lastKnownFileType = text.plist.xml; path = Info.plist; sourceTree = "<group>"; };
		DAD8D28019FB4B3B00479CB5 /* SwiftCloudKitTests.swift */ = {isa = PBXFileReference; lastKnownFileType = sourcecode.swift; path = SwiftCloudKitTests.swift; sourceTree = "<group>"; };
		DAD8D28A19FB4B4B00479CB5 /* SwiftCloudKit.entitlements */ = {isa = PBXFileReference; lastKnownFileType = text.xml; path = SwiftCloudKit.entitlements; sourceTree = "<group>"; };
		DAD8D28B19FB4B5200479CB5 /* CloudKit.framework */ = {isa = PBXFileReference; lastKnownFileType = wrapper.framework; name = CloudKit.framework; path = System/Library/Frameworks/CloudKit.framework; sourceTree = SDKROOT; };
/* End PBXFileReference section */

/* Begin PBXFrameworksBuildPhase section */
		DAD8D26219FB4B3B00479CB5 /* Frameworks */ = {
			isa = PBXFrameworksBuildPhase;
			buildActionMask = 2147483647;
			files = (
				DAD8D28C19FB4B5200479CB5 /* CloudKit.framework in Frameworks */,
			);
			runOnlyForDeploymentPostprocessing = 0;
		};
		DAD8D27719FB4B3B00479CB5 /* Frameworks */ = {
			isa = PBXFrameworksBuildPhase;
			buildActionMask = 2147483647;
			files = (
			);
			runOnlyForDeploymentPostprocessing = 0;
		};
/* End PBXFrameworksBuildPhase section */

/* Begin PBXGroup section */
		DAD8D25C19FB4B3B00479CB5 = {
			isa = PBXGroup;
			children = (
				DAD8D28B19FB4B5200479CB5 /* CloudKit.framework */,
				DAD8D26719FB4B3B00479CB5 /* SwiftCloudKit */,
				DAD8D27D19FB4B3B00479CB5 /* SwiftCloudKitTests */,
				DAD8D26619FB4B3B00479CB5 /* Products */,
			);
			sourceTree = "<group>";
		};
		DAD8D26619FB4B3B00479CB5 /* Products */ = {
			isa = PBXGroup;
			children = (
				DAD8D26519FB4B3B00479CB5 /* SwiftCloudKit.app */,
				DAD8D27A19FB4B3B00479CB5 /* SwiftCloudKitTests.xctest */,
			);
			name = Products;
			sourceTree = "<group>";
		};
		DAD8D26719FB4B3B00479CB5 /* SwiftCloudKit */ = {
			isa = PBXGroup;
			children = (
				DAD8D28A19FB4B4B00479CB5 /* SwiftCloudKit.entitlements */,
				DAD8D26A19FB4B3B00479CB5 /* AppDelegate.swift */,
				DAD8D26C19FB4B3B00479CB5 /* ViewController.swift */,
				DAD8D26E19FB4B3B00479CB5 /* Main.storyboard */,
				DAD8D27119FB4B3B00479CB5 /* Images.xcassets */,
				DAD8D27319FB4B3B00479CB5 /* LaunchScreen.xib */,
				DAD8D26819FB4B3B00479CB5 /* Supporting Files */,
			);
			path = SwiftCloudKit;
			sourceTree = "<group>";
		};
		DAD8D26819FB4B3B00479CB5 /* Supporting Files */ = {
			isa = PBXGroup;
			children = (
				DAD8D26919FB4B3B00479CB5 /* Info.plist */,
			);
			name = "Supporting Files";
			sourceTree = "<group>";
		};
		DAD8D27D19FB4B3B00479CB5 /* SwiftCloudKitTests */ = {
			isa = PBXGroup;
			children = (
				DAD8D28019FB4B3B00479CB5 /* SwiftCloudKitTests.swift */,
				DAD8D27E19FB4B3B00479CB5 /* Supporting Files */,
			);
			path = SwiftCloudKitTests;
			sourceTree = "<group>";
		};
		DAD8D27E19FB4B3B00479CB5 /* Supporting Files */ = {
			isa = PBXGroup;
			children = (
				DAD8D27F19FB4B3B00479CB5 /* Info.plist */,
			);
			name = "Supporting Files";
			sourceTree = "<group>";
		};
/* End PBXGroup section */

/* Begin PBXNativeTarget section */
		DAD8D26419FB4B3B00479CB5 /* SwiftCloudKit */ = {
			isa = PBXNativeTarget;
			buildConfigurationList = DAD8D28419FB4B3B00479CB5 /* Build configuration list for PBXNativeTarget "SwiftCloudKit" */;
			buildPhases = (
				DAD8D26119FB4B3B00479CB5 /* Sources */,
				DAD8D26219FB4B3B00479CB5 /* Frameworks */,
				DAD8D26319FB4B3B00479CB5 /* Resources */,
			);
			buildRules = (
			);
			dependencies = (
			);
			name = SwiftCloudKit;
			productName = SwiftCloudKit;
			productReference = DAD8D26519FB4B3B00479CB5 /* SwiftCloudKit.app */;
			productType = "com.apple.product-type.application";
		};
		DAD8D27919FB4B3B00479CB5 /* SwiftCloudKitTests */ = {
			isa = PBXNativeTarget;
			buildConfigurationList = DAD8D28719FB4B3B00479CB5 /* Build configuration list for PBXNativeTarget "SwiftCloudKitTests" */;
			buildPhases = (
				DAD8D27619FB4B3B00479CB5 /* Sources */,
				DAD8D27719FB4B3B00479CB5 /* Frameworks */,
				DAD8D27819FB4B3B00479CB5 /* Resources */,
			);
			buildRules = (
			);
			dependencies = (
				DAD8D27C19FB4B3B00479CB5 /* PBXTargetDependency */,
			);
			name = SwiftCloudKitTests;
			productName = SwiftCloudKitTests;
			productReference = DAD8D27A19FB4B3B00479CB5 /* SwiftCloudKitTests.xctest */;
			productType = "com.apple.product-type.bundle.unit-test";
		};
/* End PBXNativeTarget section */

/* Begin PBXProject section */
		DAD8D25D19FB4B3B00479CB5 /* Project object */ = {
			isa = PBXProject;
			attributes = {
				LastUpgradeCheck = 0610;
				ORGANIZATIONNAME = "Brendan Hannemann";
				TargetAttributes = {
					DAD8D26419FB4B3B00479CB5 = {
						CreatedOnToolsVersion = 6.1;
						DevelopmentTeam = NC42PSRW77;
						SystemCapabilities = {
							com.apple.iCloud = {
								enabled = 1;
							};
						};
					};
					DAD8D27919FB4B3B00479CB5 = {
						CreatedOnToolsVersion = 6.1;
						TestTargetID = DAD8D26419FB4B3B00479CB5;
					};
				};
			};
			buildConfigurationList = DAD8D26019FB4B3B00479CB5 /* Build configuration list for PBXProject "SwiftCloudKit" */;
			compatibilityVersion = "Xcode 3.2";
			developmentRegion = English;
			hasScannedForEncodings = 0;
			knownRegions = (
				en,
				Base,
			);
			mainGroup = DAD8D25C19FB4B3B00479CB5;
			productRefGroup = DAD8D26619FB4B3B00479CB5 /* Products */;
			projectDirPath = "";
			projectRoot = "";
			targets = (
				DAD8D26419FB4B3B00479CB5 /* SwiftCloudKit */,
				DAD8D27919FB4B3B00479CB5 /* SwiftCloudKitTests */,
			);
		};
/* End PBXProject section */

/* Begin PBXResourcesBuildPhase section */
		DAD8D26319FB4B3B00479CB5 /* Resources */ = {
			isa = PBXResourcesBuildPhase;
			buildActionMask = 2147483647;
			files = (
				DAD8D27019FB4B3B00479CB5 /* Main.storyboard in Resources */,
				DAD8D27519FB4B3B00479CB5 /* LaunchScreen.xib in Resources */,
				DAD8D27219FB4B3B00479CB5 /* Images.xcassets in Resources */,
			);
			runOnlyForDeploymentPostprocessing = 0;
		};
		DAD8D27819FB4B3B00479CB5 /* Resources */ = {
			isa = PBXResourcesBuildPhase;
			buildActionMask = 2147483647;
			files = (
			);
			runOnlyForDeploymentPostprocessing = 0;
		};
/* End PBXResourcesBuildPhase section */

/* Begin PBXSourcesBuildPhase section */
		DAD8D26119FB4B3B00479CB5 /* Sources */ = {
			isa = PBXSourcesBuildPhase;
			buildActionMask = 2147483647;
			files = (
				DAD8D26D19FB4B3B00479CB5 /* ViewController.swift in Sources */,
				DAD8D26B19FB4B3B00479CB5 /* AppDelegate.swift in Sources */,
			);
			runOnlyForDeploymentPostprocessing = 0;
		};
		DAD8D27619FB4B3B00479CB5 /* Sources */ = {
			isa = PBXSourcesBuildPhase;
			buildActionMask = 2147483647;
			files = (
				DAD8D28119FB4B3B00479CB5 /* SwiftCloudKitTests.swift in Sources */,
			);
			runOnlyForDeploymentPostprocessing = 0;
		};
/* End PBXSourcesBuildPhase section */

/* Begin PBXTargetDependency section */
		DAD8D27C19FB4B3B00479CB5 /* PBXTargetDependency */ = {
			isa = PBXTargetDependency;
			target = DAD8D26419FB4B3B00479CB5 /* SwiftCloudKit */;
			targetProxy = DAD8D27B19FB4B3B00479CB5 /* PBXContainerItemProxy */;
		};
/* End PBXTargetDependency section */

/* Begin PBXVariantGroup section */
		DAD8D26E19FB4B3B00479CB5 /* Main.storyboard */ = {
			isa = PBXVariantGroup;
			children = (
				DAD8D26F19FB4B3B00479CB5 /* Base */,
			);
			name = Main.storyboard;
			sourceTree = "<group>";
		};
		DAD8D27319FB4B3B00479CB5 /* LaunchScreen.xib */ = {
			isa = PBXVariantGroup;
			children = (
				DAD8D27419FB4B3B00479CB5 /* Base */,
			);
			name = LaunchScreen.xib;
			sourceTree = "<group>";
		};
/* End PBXVariantGroup section */

/* Begin XCBuildConfiguration section */
		DAD8D28219FB4B3B00479CB5 /* Debug */ = {
			isa = XCBuildConfiguration;
			buildSettings = {
				ALWAYS_SEARCH_USER_PATHS = NO;
				CLANG_CXX_LANGUAGE_STANDARD = "gnu++0x";
				CLANG_CXX_LIBRARY = "libc++";
				CLANG_ENABLE_MODULES = YES;
				CLANG_ENABLE_OBJC_ARC = YES;
				CLANG_WARN_BOOL_CONVERSION = YES;
				CLANG_WARN_CONSTANT_CONVERSION = YES;
				CLANG_WARN_DIRECT_OBJC_ISA_USAGE = YES_ERROR;
				CLANG_WARN_EMPTY_BODY = YES;
				CLANG_WARN_ENUM_CONVERSION = YES;
				CLANG_WARN_INT_CONVERSION = YES;
				CLANG_WARN_OBJC_ROOT_CLASS = YES_ERROR;
				CLANG_WARN_UNREACHABLE_CODE = YES;
				CLANG_WARN__DUPLICATE_METHOD_MATCH = YES;
				"CODE_SIGN_IDENTITY[sdk=iphoneos*]" = "iPhone Developer";
				COPY_PHASE_STRIP = NO;
				ENABLE_STRICT_OBJC_MSGSEND = YES;
				GCC_C_LANGUAGE_STANDARD = gnu99;
				GCC_DYNAMIC_NO_PIC = NO;
				GCC_OPTIMIZATION_LEVEL = 0;
				GCC_PREPROCESSOR_DEFINITIONS = (
					"DEBUG=1",
					"$(inherited)",
				);
				GCC_SYMBOLS_PRIVATE_EXTERN = NO;
				GCC_WARN_64_TO_32_BIT_CONVERSION = YES;
				GCC_WARN_ABOUT_RETURN_TYPE = YES_ERROR;
				GCC_WARN_UNDECLARED_SELECTOR = YES;
				GCC_WARN_UNINITIALIZED_AUTOS = YES_AGGRESSIVE;
				GCC_WARN_UNUSED_FUNCTION = YES;
				GCC_WARN_UNUSED_VARIABLE = YES;
				IPHONEOS_DEPLOYMENT_TARGET = 8.1;
				MTL_ENABLE_DEBUG_INFO = YES;
				ONLY_ACTIVE_ARCH = YES;
				SDKROOT = iphoneos;
				SWIFT_OPTIMIZATION_LEVEL = "-Onone";
			};
			name = Debug;
		};
		DAD8D28319FB4B3B00479CB5 /* Release */ = {
			isa = XCBuildConfiguration;
			buildSettings = {
				ALWAYS_SEARCH_USER_PATHS = NO;
				CLANG_CXX_LANGUAGE_STANDARD = "gnu++0x";
				CLANG_CXX_LIBRARY = "libc++";
				CLANG_ENABLE_MODULES = YES;
				CLANG_ENABLE_OBJC_ARC = YES;
				CLANG_WARN_BOOL_CONVERSION = YES;
				CLANG_WARN_CONSTANT_CONVERSION = YES;
				CLANG_WARN_DIRECT_OBJC_ISA_USAGE = YES_ERROR;
				CLANG_WARN_EMPTY_BODY = YES;
				CLANG_WARN_ENUM_CONVERSION = YES;
				CLANG_WARN_INT_CONVERSION = YES;
				CLANG_WARN_OBJC_ROOT_CLASS = YES_ERROR;
				CLANG_WARN_UNREACHABLE_CODE = YES;
				CLANG_WARN__DUPLICATE_METHOD_MATCH = YES;
				"CODE_SIGN_IDENTITY[sdk=iphoneos*]" = "iPhone Developer";
				COPY_PHASE_STRIP = YES;
				ENABLE_NS_ASSERTIONS = NO;
				ENABLE_STRICT_OBJC_MSGSEND = YES;
				GCC_C_LANGUAGE_STANDARD = gnu99;
				GCC_WARN_64_TO_32_BIT_CONVERSION = YES;
				GCC_WARN_ABOUT_RETURN_TYPE = YES_ERROR;
				GCC_WARN_UNDECLARED_SELECTOR = YES;
				GCC_WARN_UNINITIALIZED_AUTOS = YES_AGGRESSIVE;
				GCC_WARN_UNUSED_FUNCTION = YES;
				GCC_WARN_UNUSED_VARIABLE = YES;
				IPHONEOS_DEPLOYMENT_TARGET = 8.1;
				MTL_ENABLE_DEBUG_INFO = NO;
				SDKROOT = iphoneos;
				VALIDATE_PRODUCT = YES;
			};
			name = Release;
		};
		DAD8D28519FB4B3B00479CB5 /* Debug */ = {
			isa = XCBuildConfiguration;
			buildSettings = {
				ASSETCATALOG_COMPILER_APPICON_NAME = AppIcon;
				CODE_SIGN_ENTITLEMENTS = SwiftCloudKit/SwiftCloudKit.entitlements;
				CODE_SIGN_IDENTITY = "iPhone Developer";
				"CODE_SIGN_IDENTITY[sdk=iphoneos*]" = "iPhone Developer";
				INFOPLIST_FILE = SwiftCloudKit/Info.plist;
				IPHONEOS_DEPLOYMENT_TARGET = 8.0;
				LD_RUNPATH_SEARCH_PATHS = "$(inherited) @executable_path/Frameworks";
				PRODUCT_NAME = "$(TARGET_NAME)";
				PROVISIONING_PROFILE = "";
			};
			name = Debug;
		};
		DAD8D28619FB4B3B00479CB5 /* Release */ = {
			isa = XCBuildConfiguration;
			buildSettings = {
				ASSETCATALOG_COMPILER_APPICON_NAME = AppIcon;
				CODE_SIGN_ENTITLEMENTS = SwiftCloudKit/SwiftCloudKit.entitlements;
				CODE_SIGN_IDENTITY = "iPhone Developer";
				"CODE_SIGN_IDENTITY[sdk=iphoneos*]" = "iPhone Developer";
				INFOPLIST_FILE = SwiftCloudKit/Info.plist;
				IPHONEOS_DEPLOYMENT_TARGET = 8.0;
				LD_RUNPATH_SEARCH_PATHS = "$(inherited) @executable_path/Frameworks";
				PRODUCT_NAME = "$(TARGET_NAME)";
				PROVISIONING_PROFILE = "";
			};
			name = Release;
		};
		DAD8D28819FB4B3B00479CB5 /* Debug */ = {
			isa = XCBuildConfiguration;
			buildSettings = {
				BUNDLE_LOADER = "$(TEST_HOST)";
				FRAMEWORK_SEARCH_PATHS = (
					"$(SDKROOT)/Developer/Library/Frameworks",
					"$(inherited)",
				);
				GCC_PREPROCESSOR_DEFINITIONS = (
					"DEBUG=1",
					"$(inherited)",
				);
				INFOPLIST_FILE = SwiftCloudKitTests/Info.plist;
				LD_RUNPATH_SEARCH_PATHS = "$(inherited) @executable_path/Frameworks @loader_path/Frameworks";
				PRODUCT_NAME = "$(TARGET_NAME)";
				TEST_HOST = "$(BUILT_PRODUCTS_DIR)/SwiftCloudKit.app/SwiftCloudKit";
			};
			name = Debug;
		};
		DAD8D28919FB4B3B00479CB5 /* Release */ = {
			isa = XCBuildConfiguration;
			buildSettings = {
				BUNDLE_LOADER = "$(TEST_HOST)";
				FRAMEWORK_SEARCH_PATHS = (
					"$(SDKROOT)/Developer/Library/Frameworks",
					"$(inherited)",
				);
				INFOPLIST_FILE = SwiftCloudKitTests/Info.plist;
				LD_RUNPATH_SEARCH_PATHS = "$(inherited) @executable_path/Frameworks @loader_path/Frameworks";
				PRODUCT_NAME = "$(TARGET_NAME)";
				TEST_HOST = "$(BUILT_PRODUCTS_DIR)/SwiftCloudKit.app/SwiftCloudKit";
			};
			name = Release;
		};
/* End XCBuildConfiguration section */

/* Begin XCConfigurationList section */
		DAD8D26019FB4B3B00479CB5 /* Build configuration list for PBXProject "SwiftCloudKit" */ = {
			isa = XCConfigurationList;
			buildConfigurations = (
				DAD8D28219FB4B3B00479CB5 /* Debug */,
				DAD8D28319FB4B3B00479CB5 /* Release */,
			);
			defaultConfigurationIsVisible = 0;
			defaultConfigurationName = Release;
		};
		DAD8D28419FB4B3B00479CB5 /* Build configuration list for PBXNativeTarget "SwiftCloudKit" */ = {
			isa = XCConfigurationList;
			buildConfigurations = (
				DAD8D28519FB4B3B00479CB5 /* Debug */,
				DAD8D28619FB4B3B00479CB5 /* Release */,
			);
			defaultConfigurationIsVisible = 0;
		};
		DAD8D28719FB4B3B00479CB5 /* Build configuration list for PBXNativeTarget "SwiftCloudKitTests" */ = {
			isa = XCConfigurationList;
			buildConfigurations = (
				DAD8D28819FB4B3B00479CB5 /* Debug */,
				DAD8D28919FB4B3B00479CB5 /* Release */,
			);
			defaultConfigurationIsVisible = 0;
		};
/* End XCConfigurationList section */
	};
	rootObject = DAD8D25D19FB4B3B00479CB5 /* Project object */;
}
